
Microsoft Visual Studio Solution File, Format Version 12.00
# Visual Studio Version 16
VisualStudioVersion = 16.0.28803.202
MinimumVisualStudioVersion = 10.0.40219.1
Project("{9A19103F-16F7-4668-BE54-9A1E7A4F7556}") = "ErplyAPI", "ErplyAPI\ErplyAPI.csproj", "{414E4A3E-72A7-4A04-AEF4-4F69BE61072E}"
EndProject
Global
	GlobalSection(SolutionConfigurationPlatforms) = preSolution
		Debug|Any CPU = Debug|Any CPU
		Release|Any CPU = Release|Any CPU
	EndGlobalSection
	GlobalSection(ProjectConfigurationPlatforms) = postSolution
		{414E4A3E-72A7-4A04-AEF4-4F69BE61072E}.Debug|Any CPU.ActiveCfg = Debug|Any CPU
		{414E4A3E-72A7-4A04-AEF4-4F69BE61072E}.Debug|Any CPU.Build.0 = Debug|Any CPU
		{414E4A3E-72A7-4A04-AEF4-4F69BE61072E}.Release|Any CPU.ActiveCfg = Release|Any CPU
		{414E4A3E-72A7-4A04-AEF4-4F69BE61072E}.Release|Any CPU.Build.0 = Release|Any CPU
	EndGlobalSection
	GlobalSection(SolutionProperties) = preSolution
		HideSolutionNode = FALSE
	EndGlobalSection
	GlobalSection(ExtensibilityGlobals) = postSolution
		SolutionGuid = {BB73CECC-9534-48F0-A41A-29DEDD752474}
	EndGlobalSection
EndGlobal
